PODS:
  - Alamofire (5.7.1)
  - DynamicBlurView (5.0.3)
  - HandyJSON (5.0.2)
  - Kingfisher (6.3.1)
  - LookinServer/Core (1.2.8)
  - LookinServer/Swift (1.2.8):
    - LookinServer/Core
  - MJRefresh (3.7.9)
  - ReachabilitySwift (5.2.3)
  - SDWebImage (5.19.4):
    - SDWebImage/Core (= 5.19.4)
  - SDWebImage/Core (5.19.4)
  - SnapKit (5.7.1)
  - SwiftDate (7.0.0)
  - SwiftyJSON (5.0.2)

DEPENDENCIES:
  - Alamofire (~> 5.7.1)
  - DynamicBlurView (~> 5.0.0)
  - HandyJSON (~> 5.0.2)
  - Kingfisher (~> 6.3.1)
  - LookinServer/Swift
  - MJRefresh
  - ReachabilitySwift (~> 5.2.1)
  - SDWebImage (~> 5.0)
  - SnapKit (~> 5.7.1)
  - SwiftDate (~> 7.0.0)
  - SwiftyJSON (~> 5.0.2)

SPEC REPOS:
  trunk:
    - Alamofire
    - DynamicBlurView
    - HandyJSON
    - Kingfisher
    - LookinServer
    - MJRefresh
    - ReachabilitySwift
    - SDWebImage
    - SnapKit
    - SwiftDate
    - SwiftyJSON

SPEC CHECKSUMS:
  Alamofire: 0123a34370cb170936ae79a8df46cc62b2edeb88
  DynamicBlurView: b57e2f6aa33f85b2bcca272265162a3c7c5cc499
  HandyJSON: 9e4e236f5d2dbefad5155a77417bbea438201c03
  Kingfisher: 016c8b653a35add51dd34a3aba36b580041acc74
  LookinServer: 1b2b61c6402ae29fa22182d48f5cd067b4e99e80
  MJRefresh: ff9e531227924c84ce459338414550a05d2aea78
  ReachabilitySwift: 7f151ff156cea1481a8411701195ac6a984f4979
  SDWebImage: 066c47b573f408f18caa467d71deace7c0f8280d
  SnapKit: d612e99e678a2d3b95bf60b0705ed0a35c03484a
  SwiftDate: bbc26e26fc8c0c33fbee8c140c5e8a68293a148a
  SwiftyJSON: f5b1bf1cd8dd53cd25887ac0eabcfd92301c6a5a

PODFILE CHECKSUM: 9f86f309021142b5f2b4ec620f18ddc5cb61f477

COCOAPODS: 1.15.2
